
Microsoft Visual Studio Solution File, Format Version 12.00
# Visual Studio 15
VisualStudioVersion = 15.0.28307.902
MinimumVisualStudioVersion = 10.0.40219.1
Project("{FAE04EC0-301F-11D3-BF4B-00C04F79EFBC}") = "ContactManager", "ContactManager\ContactManager.csproj", "{30680E1F-C5B4-441B-BB7F-DD2059E9BE22}"
EndProject
Global
	GlobalSection(SolutionConfigurationPlatforms) = preSolution
		Debug|Any CPU = Debug|Any CPU
		Release|Any CPU = Release|Any CPU
	EndGlobalSection
	GlobalSection(ProjectConfigurationPlatforms) = postSolution
		{30680E1F-C5B4-441B-BB7F-DD2059E9BE22}.Debug|Any CPU.ActiveCfg = Debug|Any CPU
		{30680E1F-C5B4-441B-BB7F-DD2059E9BE22}.Debug|Any CPU.Build.0 = Debug|Any CPU
		{30680E1F-C5B4-441B-BB7F-DD2059E9BE22}.Release|Any CPU.ActiveCfg = Release|Any CPU
		{30680E1F-C5B4-441B-BB7F-DD2059E9BE22}.Release|Any CPU.Build.0 = Release|Any CPU
	EndGlobalSection
	GlobalSection(SolutionProperties) = preSolution
		HideSolutionNode = FALSE
	EndGlobalSection
	GlobalSection(ExtensibilityGlobals) = postSolution
		SolutionGuid = {E99E051A-DE31-4FA1-806D-B12508F51B74}
	EndGlobalSection
EndGlobal
